{
  "requires": true,
  "lockfileVersion": 1,
  "dependencies": {
    "immutable": {
      "version": "3.8.2",
      "resolved": "https://registry.npmjs.org/immutable/-/immutable-3.8.2.tgz",
      "integrity": "sha1-wkOZUUVbs5kT2vKBN28VMOEErfM="
    },
    "react-native-immutable": {
      "version": "0.0.4",
      "resolved": "https://registry.npmjs.org/react-native-immutable/-/react-native-immutable-0.0.4.tgz",
      "integrity": "sha1-0Ps7D0pNAxpuHNSyOQaHWKbC2ZQ=",
      "requires": {
        "immutable": "3.8.2",
        "simple-emiter": "0.0.1"
      }
    },
    "simple-emiter": {
      "version": "0.0.1",
      "resolved": "https://registry.npmjs.org/simple-emiter/-/simple-emiter-0.0.1.tgz",
      "integrity": "sha1-vNI0hn9h4YPDydu5DcW9aX2HaiE="
    }
  }
}
